// !$*UTF8*$!
{
	archiveVersion = 1;
	classes = {
	};
	objectVersion = 46;
	objects = {

/* Begin PBXBuildFile section */
		D8E12B7E1D4CBBB2008FB129 /* AppDelegate.swift in Sources */ = {isa = PBXBuildFile; fileRef = D8E12B7D1D4CBBB2008FB129 /* AppDelegate.swift */; };
		D8E12B801D4CBBB2008FB129 /* ViewController.swift in Sources */ = {isa = PBXBuildFile; fileRef = D8E12B7F1D4CBBB2008FB129 /* ViewController.swift */; };
		D8E12B831D4CBBB2008FB129 /* Main.storyboard in Resources */ = {isa = PBXBuildFile; fileRef = D8E12B811D4CBBB2008FB129 /* Main.storyboard */; };
		D8E12B851D4CBBB2008FB129 /* Assets.xcassets in Resources */ = {isa = PBXBuildFile; fileRef = D8E12B841D4CBBB2008FB129 /* Assets.xcassets */; };
		D8E12B881D4CBBB2008FB129 /* LaunchScreen.storyboard in Resources */ = {isa = PBXBuildFile; fileRef = D8E12B861D4CBBB2008FB129 /* LaunchScreen.storyboard */; };
/* End PBXBuildFile section */

/* Begin PBXFileReference section */
		D86B7D081D4CCD1200641F9D /* SoccerCoordinator.playground */ = {isa = PBXFileReference; lastKnownFileType = file.playground; path = SoccerCoordinator.playground; sourceTree = "<group>"; };
		D8E12B7A1D4CBBB2008FB129 /* SoccerCoordinator.app */ = {isa = PBXFileReference; explicitFileType = wrapper.application; includeInIndex = 0; path = SoccerCoordinator.app; sourceTree = BUILT_PRODUCTS_DIR; };
		D8E12B7D1D4CBBB2008FB129 /* AppDelegate.swift */ = {isa = PBXFileReference; lastKnownFileType = sourcecode.swift; path = AppDelegate.swift; sourceTree = "<group>"; };
		D8E12B7F1D4CBBB2008FB129 /* ViewController.swift */ = {isa = PBXFileReference; lastKnownFileType = sourcecode.swift; path = ViewController.swift; sourceTree = "<group>"; };
		D8E12B821D4CBBB2008FB129 /* Base */ = {isa = PBXFileReference; lastKnownFileType = file.storyboard; name = Base; path = Base.lproj/Main.storyboard; sourceTree = "<group>"; };
		D8E12B841D4CBBB2008FB129 /* Assets.xcassets */ = {isa = PBXFileReference; lastKnownFileType = folder.assetcatalog; path = Assets.xcassets; sourceTree = "<group>"; };
		D8E12B871D4CBBB2008FB129 /* Base */ = {isa = PBXFileReference; lastKnownFileType = file.storyboard; name = Base; path = Base.lproj/LaunchScreen.storyboard; sourceTree = "<group>"; };
		D8E12B891D4CBBB2008FB129 /* Info.plist */ = {isa = PBXFileReference; lastKnownFileType = text.plist.xml; path = Info.plist; sourceTree = "<group>"; };
/* End PBXFileReference section */

/* Begin PBXFrameworksBuildPhase section */
		D8E12B771D4CBBB2008FB129 /* Frameworks */ = {
			isa = PBXFrameworksBuildPhase;
			buildActionMask = 2147483647;
			files = (
			);
			runOnlyForDeploymentPostprocessing = 0;
		};
/* End PBXFrameworksBuildPhase section */

/* Begin PBXGroup section */
		D8E12B711D4CBBB2008FB129 = {
			isa = PBXGroup;
			children = (
				D8E12B7C1D4CBBB2008FB129 /* SoccerCoordinator */,
				D8E12B7B1D4CBBB2008FB129 /* Products */,
			);
			sourceTree = "<group>";
		};
		D8E12B7B1D4CBBB2008FB129 /* Products */ = {
			isa = PBXGroup;
			children = (
				D8E12B7A1D4CBBB2008FB129 /* SoccerCoordinator.app */,
			);
			name = Products;
			sourceTree = "<group>";
		};
		D8E12B7C1D4CBBB2008FB129 /* SoccerCoordinator */ = {
			isa = PBXGroup;
			children = (
				D8E12B7D1D4CBBB2008FB129 /* AppDelegate.swift */,
				D8E12B7F1D4CBBB2008FB129 /* ViewController.swift */,
				D8E12B811D4CBBB2008FB129 /* Main.storyboard */,
				D8E12B841D4CBBB2008FB129 /* Assets.xcassets */,
				D8E12B861D4CBBB2008FB129 /* LaunchScreen.storyboard */,
				D8E12B891D4CBBB2008FB129 /* Info.plist */,
				D86B7D081D4CCD1200641F9D /* SoccerCoordinator.playground */,
			);
			path = SoccerCoordinator;
			sourceTree = "<group>";
		};
/* End PBXGroup section */

/* Begin PBXNativeTarget section */
		D8E12B791D4CBBB2008FB129 /* SoccerCoordinator */ = {
			isa = PBXNativeTarget;
			buildConfigurationList = D8E12B8C1D4CBBB2008FB129 /* Build configuration list for PBXNativeTarget "SoccerCoordinator" */;
			buildPhases = (
				D8E12B761D4CBBB2008FB129 /* Sources */,
				D8E12B771D4CBBB2008FB129 /* Frameworks */,
				D8E12B781D4CBBB2008FB129 /* Resources */,
			);
			buildRules = (
			);
			dependencies = (
			);
			name = SoccerCoordinator;
			productName = SoccerCoordinator;
			productReference = D8E12B7A1D4CBBB2008FB129 /* SoccerCoordinator.app */;
			productType = "com.apple.product-type.application";
		};
/* End PBXNativeTarget section */

/* Begin PBXProject section */
		D8E12B721D4CBBB2008FB129 /* Project object */ = {
			isa = PBXProject;
			attributes = {
				LastSwiftUpdateCheck = 0730;
				LastUpgradeCheck = 0730;
				ORGANIZATIONNAME = "Nathan Fulkerson";
				TargetAttributes = {
					D8E12B791D4CBBB2008FB129 = {
						CreatedOnToolsVersion = 7.3.1;
					};
				};
			};
			buildConfigurationList = D8E12B751D4CBBB2008FB129 /* Build configuration list for PBXProject "SoccerCoordinator" */;
			compatibilityVersion = "Xcode 3.2";
			developmentRegion = English;
			hasScannedForEncodings = 0;
			knownRegions = (
				en,
				Base,
			);
			mainGroup = D8E12B711D4CBBB2008FB129;
			productRefGroup = D8E12B7B1D4CBBB2008FB129 /* Products */;
			projectDirPath = "";
			projectRoot = "";
			targets = (
				D8E12B791D4CBBB2008FB129 /* SoccerCoordinator */,
			);
		};
/* End PBXProject section */

/* Begin PBXResourcesBuildPhase section */
		D8E12B781D4CBBB2008FB129 /* Resources */ = {
			isa = PBXResourcesBuildPhase;
			buildActionMask = 2147483647;
			files = (
				D8E12B881D4CBBB2008FB129 /* LaunchScreen.storyboard in Resources */,
				D8E12B851D4CBBB2008FB129 /* Assets.xcassets in Resources */,
				D8E12B831D4CBBB2008FB129 /* Main.storyboard in Resources */,
			);
			runOnlyForDeploymentPostprocessing = 0;
		};
/* End PBXResourcesBuildPhase section */

/* Begin PBXSourcesBuildPhase section */
		D8E12B761D4CBBB2008FB129 /* Sources */ = {
			isa = PBXSourcesBuildPhase;
			buildActionMask = 2147483647;
			files = (
				D8E12B801D4CBBB2008FB129 /* ViewController.swift in Sources */,
				D8E12B7E1D4CBBB2008FB129 /* AppDelegate.swift in Sources */,
			);
			runOnlyForDeploymentPostprocessing = 0;
		};
/* End PBXSourcesBuildPhase section */

/* Begin PBXVariantGroup section */
		D8E12B811D4CBBB2008FB129 /* Main.storyboard */ = {
			isa = PBXVariantGroup;
			children = (
				D8E12B821D4CBBB2008FB129 /* Base */,
			);
			name = Main.storyboard;
			sourceTree = "<group>";
		};
		D8E12B861D4CBBB2008FB129 /* LaunchScreen.storyboard */ = {
			isa = PBXVariantGroup;
			children = (
				D8E12B871D4CBBB2008FB129 /* Base */,
			);
			name = LaunchScreen.storyboard;
			sourceTree = "<group>";
		};
/* End PBXVariantGroup section */

/* Begin XCBuildConfiguration section */
		D8E12B8A1D4CBBB2008FB129 /* Debug */ = {
			isa = XCBuildConfiguration;
			buildSettings = {
				ALWAYS_SEARCH_USER_PATHS = NO;
				CLANG_ANALYZER_NONNULL = YES;
				CLANG_CXX_LANGUAGE_STANDARD = "gnu++0x";
				CLANG_CXX_LIBRARY = "libc++";
				CLANG_ENABLE_MODULES = YES;
				CLANG_ENABLE_OBJC_ARC = YES;
				CLANG_WARN_BOOL_CONVERSION = YES;
				CLANG_WARN_CONSTANT_CONVERSION = YES;
				CLANG_WARN_DIRECT_OBJC_ISA_USAGE = YES_ERROR;
				CLANG_WARN_EMPTY_BODY = YES;
				CLANG_WARN_ENUM_CONVERSION = YES;
				CLANG_WARN_INT_CONVERSION = YES;
				CLANG_WARN_OBJC_ROOT_CLASS = YES_ERROR;
				CLANG_WARN_UNREACHABLE_CODE = YES;
				CLANG_WARN__DUPLICATE_METHOD_MATCH = YES;
				"CODE_SIGN_IDENTITY[sdk=iphoneos*]" = "iPhone Developer";
				COPY_PHASE_STRIP = NO;
				DEBUG_INFORMATION_FORMAT = dwarf;
				ENABLE_STRICT_OBJC_MSGSEND = YES;
				ENABLE_TESTABILITY = YES;
				GCC_C_LANGUAGE_STANDARD = gnu99;
				GCC_DYNAMIC_NO_PIC = NO;
				GCC_NO_COMMON_BLOCKS = YES;
				GCC_OPTIMIZATION_LEVEL = 0;
				GCC_PREPROCESSOR_DEFINITIONS = (
					"DEBUG=1",
					"$(inherited)",
				);
				GCC_WARN_64_TO_32_BIT_CONVERSION = YES;
				GCC_WARN_ABOUT_RETURN_TYPE = YES_ERROR;
				GCC_WARN_UNDECLARED_SELECTOR = YES;
				GCC_WARN_UNINITIALIZED_AUTOS = YES_AGGRESSIVE;
				GCC_WARN_UNUSED_FUNCTION = YES;
				GCC_WARN_UNUSED_VARIABLE = YES;
				IPHONEOS_DEPLOYMENT_TARGET = 9.3;
				MTL_ENABLE_DEBUG_INFO = YES;
				ONLY_ACTIVE_ARCH = YES;
				SDKROOT = iphoneos;
				SWIFT_OPTIMIZATION_LEVEL = "-Onone";
			};
			name = Debug;
		};
		D8E12B8B1D4CBBB2008FB129 /* Release */ = {
			isa = XCBuildConfiguration;
			buildSettings = {
				ALWAYS_SEARCH_USER_PATHS = NO;
				CLANG_ANALYZER_NONNULL = YES;
				CLANG_CXX_LANGUAGE_STANDARD = "gnu++0x";
				CLANG_CXX_LIBRARY = "libc++";
				CLANG_ENABLE_MODULES = YES;
				CLANG_ENABLE_OBJC_ARC = YES;
				CLANG_WARN_BOOL_CONVERSION = YES;
				CLANG_WARN_CONSTANT_CONVERSION = YES;
				CLANG_WARN_DIRECT_OBJC_ISA_USAGE = YES_ERROR;
				CLANG_WARN_EMPTY_BODY = YES;
				CLANG_WARN_ENUM_CONVERSION = YES;
				CLANG_WARN_INT_CONVERSION = YES;
				CLANG_WARN_OBJC_ROOT_CLASS = YES_ERROR;
				CLANG_WARN_UNREACHABLE_CODE = YES;
				CLANG_WARN__DUPLICATE_METHOD_MATCH = YES;
				"CODE_SIGN_IDENTITY[sdk=iphoneos*]" = "iPhone Developer";
				COPY_PHASE_STRIP = NO;
				DEBUG_INFORMATION_FORMAT = "dwarf-with-dsym";
				ENABLE_NS_ASSERTIONS = NO;
				ENABLE_STRICT_OBJC_MSGSEND = YES;
				GCC_C_LANGUAGE_STANDARD = gnu99;
				GCC_NO_COMMON_BLOCKS = YES;
				GCC_WARN_64_TO_32_BIT_CONVERSION = YES;
				GCC_WARN_ABOUT_RETURN_TYPE = YES_ERROR;
				GCC_WARN_UNDECLARED_SELECTOR = YES;
				GCC_WARN_UNINITIALIZED_AUTOS = YES_AGGRESSIVE;
				GCC_WARN_UNUSED_FUNCTION = YES;
				GCC_WARN_UNUSED_VARIABLE = YES;
				IPHONEOS_DEPLOYMENT_TARGET = 9.3;
				MTL_ENABLE_DEBUG_INFO = NO;
				SDKROOT = iphoneos;
				VALIDATE_PRODUCT = YES;
			};
			name = Release;
		};
		D8E12B8D1D4CBBB2008FB129 /* Debug */ = {
			isa = XCBuildConfiguration;
			buildSettings = {
				ASSETCATALOG_COMPILER_APPICON_NAME = AppIcon;
				INFOPLIST_FILE = SoccerCoordinator/Info.plist;
				LD_RUNPATH_SEARCH_PATHS = "$(inherited) @executable_path/Frameworks";
				PRODUCT_BUNDLE_IDENTIFIER = com.nfulkerson.SoccerCoordinator;
				PRODUCT_NAME = "$(TARGET_NAME)";
			};
			name = Debug;
		};
		D8E12B8E1D4CBBB2008FB129 /* Release */ = {
			isa = XCBuildConfiguration;
			buildSettings = {
				ASSETCATALOG_COMPILER_APPICON_NAME = AppIcon;
				INFOPLIST_FILE = SoccerCoordinator/Info.plist;
				LD_RUNPATH_SEARCH_PATHS = "$(inherited) @executable_path/Frameworks";
				PRODUCT_BUNDLE_IDENTIFIER = com.nfulkerson.SoccerCoordinator;
				PRODUCT_NAME = "$(TARGET_NAME)";
			};
			name = Release;
		};
/* End XCBuildConfiguration section */

/* Begin XCConfigurationList section */
		D8E12B751D4CBBB2008FB129 /* Build configuration list for PBXProject "SoccerCoordinator" */ = {
			isa = XCConfigurationList;
			buildConfigurations = (
				D8E12B8A1D4CBBB2008FB129 /* Debug */,
				D8E12B8B1D4CBBB2008FB129 /* Release */,
			);
			defaultConfigurationIsVisible = 0;
			defaultConfigurationName = Release;
		};
		D8E12B8C1D4CBBB2008FB129 /* Build configuration list for PBXNativeTarget "SoccerCoordinator" */ = {
			isa = XCConfigurationList;
			buildConfigurations = (
				D8E12B8D1D4CBBB2008FB129 /* Debug */,
				D8E12B8E1D4CBBB2008FB129 /* Release */,
			);
			defaultConfigurationIsVisible = 0;
			defaultConfigurationName = Release;
		};
/* End XCConfigurationList section */
	};
	rootObject = D8E12B721D4CBBB2008FB129 /* Project object */;
}
